
Microsoft Visual Studio Solution File, Format Version 12.00
# Visual Studio Version 16
VisualStudioVersion = 16.0.30413.136
MinimumVisualStudioVersion = 10.0.40219.1
Project("{FAE04EC0-301F-11D3-BF4B-00C04F79EFBC}") = "25_12_2020", "25_12_2020.csproj", "{8A28DF0A-5E1E-463B-B0C1-19303A9B9C62}"
EndProject
Global
	GlobalSection(SolutionConfigurationPlatforms) = preSolution
		Debug|Any CPU = Debug|Any CPU
		Release|Any CPU = Release|Any CPU
	EndGlobalSection
	GlobalSection(ProjectConfigurationPlatforms) = postSolution
		{8A28DF0A-5E1E-463B-B0C1-19303A9B9C62}.Debug|Any CPU.ActiveCfg = Debug|Any CPU
		{8A28DF0A-5E1E-463B-B0C1-19303A9B9C62}.Debug|Any CPU.Build.0 = Debug|Any CPU
		{8A28DF0A-5E1E-463B-B0C1-19303A9B9C62}.Release|Any CPU.ActiveCfg = Release|Any CPU
		{8A28DF0A-5E1E-463B-B0C1-19303A9B9C62}.Release|Any CPU.Build.0 = Release|Any CPU
	EndGlobalSection
	GlobalSection(SolutionProperties) = preSolution
		HideSolutionNode = FALSE
	EndGlobalSection
	GlobalSection(ExtensibilityGlobals) = postSolution
		SolutionGuid = {612F4395-A231-49E2-B8A0-053B5F5332C6}
	EndGlobalSection
EndGlobal
