
Microsoft Visual Studio Solution File, Format Version 12.00
# Visual Studio Version 16
VisualStudioVersion = 16.0.30413.136
MinimumVisualStudioVersion = 10.0.40219.1
Project("{FAE04EC0-301F-11D3-BF4B-00C04F79EFBC}") = "Vize Nyp", "Vize Nyp.csproj", "{15EF244C-527C-4755-8D7A-B623E5663C5A}"
EndProject
Global
	GlobalSection(SolutionConfigurationPlatforms) = preSolution
		Debug|Any CPU = Debug|Any CPU
		Release|Any CPU = Release|Any CPU
	EndGlobalSection
	GlobalSection(ProjectConfigurationPlatforms) = postSolution
		{15EF244C-527C-4755-8D7A-B623E5663C5A}.Debug|Any CPU.ActiveCfg = Debug|Any CPU
		{15EF244C-527C-4755-8D7A-B623E5663C5A}.Debug|Any CPU.Build.0 = Debug|Any CPU
		{15EF244C-527C-4755-8D7A-B623E5663C5A}.Release|Any CPU.ActiveCfg = Release|Any CPU
		{15EF244C-527C-4755-8D7A-B623E5663C5A}.Release|Any CPU.Build.0 = Release|Any CPU
	EndGlobalSection
	GlobalSection(SolutionProperties) = preSolution
		HideSolutionNode = FALSE
	EndGlobalSection
	GlobalSection(ExtensibilityGlobals) = postSolution
		SolutionGuid = {EE91FE9A-99C4-4D26-B6A1-5A31C95F014E}
	EndGlobalSection
EndGlobal
