
Microsoft Visual Studio Solution File, Format Version 12.00
# Visual Studio Version 16
VisualStudioVersion = 16.0.30413.136
MinimumVisualStudioVersion = 10.0.40219.1
Project("{FAE04EC0-301F-11D3-BF4B-00C04F79EFBC}") = "21_09_2020_FORM", "21_09_2020_FORM.csproj", "{1CE0D8CD-FB17-4652-AF53-4D823FE10D2D}"
EndProject
Project("{FAE04EC0-301F-11D3-BF4B-00C04F79EFBC}") = "23_09_2020_form", "..\23_09_2020_form\23_09_2020_form.csproj", "{199CC8B7-6786-4410-AFF1-BF964F98AD9C}"
EndProject
Project("{FAE04EC0-301F-11D3-BF4B-00C04F79EFBC}") = "29_09_2020_form", "..\29_09_2020_form\29_09_2020_form.csproj", "{CC5E1258-E2FF-4D7D-84B9-A31EE8DF61A9}"
EndProject
Project("{FAE04EC0-301F-11D3-BF4B-00C04F79EFBC}") = "24_09_2020_form", "..\24_09_2020_form\24_09_2020_form.csproj", "{065C3D67-DA53-4F1C-BA10-411BF2B29C2E}"
EndProject
Global
	GlobalSection(SolutionConfigurationPlatforms) = preSolution
		Debug|Any CPU = Debug|Any CPU
		Release|Any CPU = Release|Any CPU
	EndGlobalSection
	GlobalSection(ProjectConfigurationPlatforms) = postSolution
		{1CE0D8CD-FB17-4652-AF53-4D823FE10D2D}.Debug|Any CPU.ActiveCfg = Debug|Any CPU
		{1CE0D8CD-FB17-4652-AF53-4D823FE10D2D}.Debug|Any CPU.Build.0 = Debug|Any CPU
		{1CE0D8CD-FB17-4652-AF53-4D823FE10D2D}.Release|Any CPU.ActiveCfg = Release|Any CPU
		{1CE0D8CD-FB17-4652-AF53-4D823FE10D2D}.Release|Any CPU.Build.0 = Release|Any CPU
		{199CC8B7-6786-4410-AFF1-BF964F98AD9C}.Debug|Any CPU.ActiveCfg = Debug|Any CPU
		{199CC8B7-6786-4410-AFF1-BF964F98AD9C}.Debug|Any CPU.Build.0 = Debug|Any CPU
		{199CC8B7-6786-4410-AFF1-BF964F98AD9C}.Release|Any CPU.ActiveCfg = Release|Any CPU
		{199CC8B7-6786-4410-AFF1-BF964F98AD9C}.Release|Any CPU.Build.0 = Release|Any CPU
		{CC5E1258-E2FF-4D7D-84B9-A31EE8DF61A9}.Debug|Any CPU.ActiveCfg = Debug|Any CPU
		{CC5E1258-E2FF-4D7D-84B9-A31EE8DF61A9}.Debug|Any CPU.Build.0 = Debug|Any CPU
		{CC5E1258-E2FF-4D7D-84B9-A31EE8DF61A9}.Release|Any CPU.ActiveCfg = Release|Any CPU
		{CC5E1258-E2FF-4D7D-84B9-A31EE8DF61A9}.Release|Any CPU.Build.0 = Release|Any CPU
		{065C3D67-DA53-4F1C-BA10-411BF2B29C2E}.Debug|Any CPU.ActiveCfg = Debug|Any CPU
		{065C3D67-DA53-4F1C-BA10-411BF2B29C2E}.Debug|Any CPU.Build.0 = Debug|Any CPU
		{065C3D67-DA53-4F1C-BA10-411BF2B29C2E}.Release|Any CPU.ActiveCfg = Release|Any CPU
		{065C3D67-DA53-4F1C-BA10-411BF2B29C2E}.Release|Any CPU.Build.0 = Release|Any CPU
	EndGlobalSection
	GlobalSection(SolutionProperties) = preSolution
		HideSolutionNode = FALSE
	EndGlobalSection
	GlobalSection(ExtensibilityGlobals) = postSolution
		SolutionGuid = {6BA98897-0950-4AFF-9F11-6DCA63A8A01C}
	EndGlobalSection
EndGlobal
