
Microsoft Visual Studio Solution File, Format Version 12.00
# Visual Studio Version 16
VisualStudioVersion = 16.0.30413.136
MinimumVisualStudioVersion = 10.0.40219.1
Project("{9A19103F-16F7-4668-BE54-9A1E7A4F7556}") = "19_09_2020", "19_09_2020.csproj", "{A1F782AD-19B5-4BEA-A7A1-084CF83B7C78}"
EndProject
Project("{FAE04EC0-301F-11D3-BF4B-00C04F79EFBC}") = "23_09_2020", "..\23_09_2020\23_09_2020.csproj", "{F93BC4D2-8135-4807-8BA5-42FBE54A9359}"
EndProject
Global
	GlobalSection(SolutionConfigurationPlatforms) = preSolution
		Debug|Any CPU = Debug|Any CPU
		Release|Any CPU = Release|Any CPU
	EndGlobalSection
	GlobalSection(ProjectConfigurationPlatforms) = postSolution
		{A1F782AD-19B5-4BEA-A7A1-084CF83B7C78}.Debug|Any CPU.ActiveCfg = Debug|Any CPU
		{A1F782AD-19B5-4BEA-A7A1-084CF83B7C78}.Debug|Any CPU.Build.0 = Debug|Any CPU
		{A1F782AD-19B5-4BEA-A7A1-084CF83B7C78}.Release|Any CPU.ActiveCfg = Release|Any CPU
		{A1F782AD-19B5-4BEA-A7A1-084CF83B7C78}.Release|Any CPU.Build.0 = Release|Any CPU
		{F93BC4D2-8135-4807-8BA5-42FBE54A9359}.Debug|Any CPU.ActiveCfg = Debug|Any CPU
		{F93BC4D2-8135-4807-8BA5-42FBE54A9359}.Debug|Any CPU.Build.0 = Debug|Any CPU
		{F93BC4D2-8135-4807-8BA5-42FBE54A9359}.Release|Any CPU.ActiveCfg = Release|Any CPU
		{F93BC4D2-8135-4807-8BA5-42FBE54A9359}.Release|Any CPU.Build.0 = Release|Any CPU
	EndGlobalSection
	GlobalSection(SolutionProperties) = preSolution
		HideSolutionNode = FALSE
	EndGlobalSection
	GlobalSection(ExtensibilityGlobals) = postSolution
		SolutionGuid = {B04D8325-DD5D-4149-8F5A-50A167568014}
	EndGlobalSection
EndGlobal
