
Microsoft Visual Studio Solution File, Format Version 12.00
# Visual Studio Version 16
VisualStudioVersion = 16.0.29424.173
MinimumVisualStudioVersion = 10.0.40219.1
Project("{FAE04EC0-301F-11D3-BF4B-00C04F79EFBC}") = "sınav defteri", "sınav defteri\sınav defteri.csproj", "{94A1FFDF-EC0A-4D08-9E9E-2CB1FE77855D}"
EndProject
Global
	GlobalSection(SolutionConfigurationPlatforms) = preSolution
		Debug|Any CPU = Debug|Any CPU
		Release|Any CPU = Release|Any CPU
	EndGlobalSection
	GlobalSection(ProjectConfigurationPlatforms) = postSolution
		{94A1FFDF-EC0A-4D08-9E9E-2CB1FE77855D}.Debug|Any CPU.ActiveCfg = Debug|Any CPU
		{94A1FFDF-EC0A-4D08-9E9E-2CB1FE77855D}.Debug|Any CPU.Build.0 = Debug|Any CPU
		{94A1FFDF-EC0A-4D08-9E9E-2CB1FE77855D}.Release|Any CPU.ActiveCfg = Release|Any CPU
		{94A1FFDF-EC0A-4D08-9E9E-2CB1FE77855D}.Release|Any CPU.Build.0 = Release|Any CPU
	EndGlobalSection
	GlobalSection(SolutionProperties) = preSolution
		HideSolutionNode = FALSE
	EndGlobalSection
	GlobalSection(ExtensibilityGlobals) = postSolution
		SolutionGuid = {2D52398A-D3B2-4374-9BD0-21C376C38C57}
	EndGlobalSection
EndGlobal
