
Microsoft Visual Studio Solution File, Format Version 12.00
# Visual Studio Version 16
VisualStudioVersion = 16.0.30413.136
MinimumVisualStudioVersion = 10.0.40219.1
Project("{FAE04EC0-301F-11D3-BF4B-00C04F79EFBC}") = "Password_Generator", "Password_Generator.csproj", "{224AB467-8F1F-4EF2-97E9-220D1BF4B325}"
EndProject
Global
	GlobalSection(SolutionConfigurationPlatforms) = preSolution
		Debug|Any CPU = Debug|Any CPU
		Release|Any CPU = Release|Any CPU
	EndGlobalSection
	GlobalSection(ProjectConfigurationPlatforms) = postSolution
		{224AB467-8F1F-4EF2-97E9-220D1BF4B325}.Debug|Any CPU.ActiveCfg = Debug|Any CPU
		{224AB467-8F1F-4EF2-97E9-220D1BF4B325}.Debug|Any CPU.Build.0 = Debug|Any CPU
		{224AB467-8F1F-4EF2-97E9-220D1BF4B325}.Release|Any CPU.ActiveCfg = Release|Any CPU
		{224AB467-8F1F-4EF2-97E9-220D1BF4B325}.Release|Any CPU.Build.0 = Release|Any CPU
	EndGlobalSection
	GlobalSection(SolutionProperties) = preSolution
		HideSolutionNode = FALSE
	EndGlobalSection
	GlobalSection(ExtensibilityGlobals) = postSolution
		SolutionGuid = {29238D8F-A4F1-48B5-9AE6-F80DF813D703}
	EndGlobalSection
EndGlobal
