
Microsoft Visual Studio Solution File, Format Version 12.00
# Visual Studio 14
VisualStudioVersion = 14.0.23107.0
MinimumVisualStudioVersion = 10.0.40219.1
Project("{FAE04EC0-301F-11D3-BF4B-00C04F79EFBC}") = "RentCar.UserInterface", "RentCar.UserInterface\RentCar.UserInterface.csproj", "{03CFFD1A-3E96-4B7A-8FBC-C0EA94C8BB62}"
EndProject
Project("{FAE04EC0-301F-11D3-BF4B-00C04F79EFBC}") = "RentCar.BusinessLayer", "RentCar.BusinessLayer\RentCar.BusinessLayer.csproj", "{3A8E3DD0-EF76-4A34-BA46-CB273DDAE7E9}"
EndProject
Project("{FAE04EC0-301F-11D3-BF4B-00C04F79EFBC}") = "RentCar.DataLayer", "RentCar.DataLayer\RentCar.DataLayer.csproj", "{DC0A0719-E637-4723-8223-8ECEC7E87A97}"
EndProject
Project("{FAE04EC0-301F-11D3-BF4B-00C04F79EFBC}") = "RentCar.Tests", "RentCar.Tests\RentCar.Tests.csproj", "{60B205C5-89B3-42C1-8D81-5EF6BBFB465B}"
EndProject
Project("{2150E333-8FDC-42A3-9474-1A3956D46DE8}") = "Solution Items", "Solution Items", "{8EB0CD7D-94DA-40A1-A455-E57C8DD93782}"
	ProjectSection(SolutionItems) = preProject
		WebEssentials2015-Settings.json = WebEssentials2015-Settings.json
	EndProjectSection
EndProject
Global
	GlobalSection(SolutionConfigurationPlatforms) = preSolution
		Debug|Any CPU = Debug|Any CPU
		Release|Any CPU = Release|Any CPU
	EndGlobalSection
	GlobalSection(ProjectConfigurationPlatforms) = postSolution
		{03CFFD1A-3E96-4B7A-8FBC-C0EA94C8BB62}.Debug|Any CPU.ActiveCfg = Debug|Any CPU
		{03CFFD1A-3E96-4B7A-8FBC-C0EA94C8BB62}.Debug|Any CPU.Build.0 = Debug|Any CPU
		{03CFFD1A-3E96-4B7A-8FBC-C0EA94C8BB62}.Release|Any CPU.ActiveCfg = Release|Any CPU
		{03CFFD1A-3E96-4B7A-8FBC-C0EA94C8BB62}.Release|Any CPU.Build.0 = Release|Any CPU
		{3A8E3DD0-EF76-4A34-BA46-CB273DDAE7E9}.Debug|Any CPU.ActiveCfg = Debug|Any CPU
		{3A8E3DD0-EF76-4A34-BA46-CB273DDAE7E9}.Debug|Any CPU.Build.0 = Debug|Any CPU
		{3A8E3DD0-EF76-4A34-BA46-CB273DDAE7E9}.Release|Any CPU.ActiveCfg = Release|Any CPU
		{3A8E3DD0-EF76-4A34-BA46-CB273DDAE7E9}.Release|Any CPU.Build.0 = Release|Any CPU
		{DC0A0719-E637-4723-8223-8ECEC7E87A97}.Debug|Any CPU.ActiveCfg = Debug|Any CPU
		{DC0A0719-E637-4723-8223-8ECEC7E87A97}.Debug|Any CPU.Build.0 = Debug|Any CPU
		{DC0A0719-E637-4723-8223-8ECEC7E87A97}.Release|Any CPU.ActiveCfg = Release|Any CPU
		{DC0A0719-E637-4723-8223-8ECEC7E87A97}.Release|Any CPU.Build.0 = Release|Any CPU
		{60B205C5-89B3-42C1-8D81-5EF6BBFB465B}.Debug|Any CPU.ActiveCfg = Debug|Any CPU
		{60B205C5-89B3-42C1-8D81-5EF6BBFB465B}.Debug|Any CPU.Build.0 = Debug|Any CPU
		{60B205C5-89B3-42C1-8D81-5EF6BBFB465B}.Release|Any CPU.ActiveCfg = Release|Any CPU
		{60B205C5-89B3-42C1-8D81-5EF6BBFB465B}.Release|Any CPU.Build.0 = Release|Any CPU
	EndGlobalSection
	GlobalSection(SolutionProperties) = preSolution
		HideSolutionNode = FALSE
	EndGlobalSection
EndGlobal
